{
  "pins" : [
    {
      "identity" : "binarybirds-swift-html",
      "kind" : "remoteSourceControl",
      "location" : "https://github.com/atacan/BinaryBirds-swift-html",
      "state" : {
        "branch" : "main",
        "revision" : "ff01b2233db319b42db713825b731f8cca2c82fd"
      }
    }
  ],
  "version" : 2
}
